
Microsoft Visual Studio Solution File, Format Version 12.00
# Visual Studio Version 16
VisualStudioVersion = 16.0.35229.62
MinimumVisualStudioVersion = 10.0.40219.1
Project("{FAE04EC0-301F-11D3-BF4B-00C04F79EFBC}") = "Cycle_Mart_Billing_System", "Cycle_Mart_Billing_System\Cycle_Mart_Billing_System.csproj", "{C5DD3B77-B643-499B-9918-4B0A475A28EC}"
EndProject
Global
	GlobalSection(SolutionConfigurationPlatforms) = preSolution
		Debug|Any CPU = Debug|Any CPU
		Release|Any CPU = Release|Any CPU
	EndGlobalSection
	GlobalSection(ProjectConfigurationPlatforms) = postSolution
		{C5DD3B77-B643-499B-9918-4B0A475A28EC}.Debug|Any CPU.ActiveCfg = Debug|Any CPU
		{C5DD3B77-B643-499B-9918-4B0A475A28EC}.Debug|Any CPU.Build.0 = Debug|Any CPU
		{C5DD3B77-B643-499B-9918-4B0A475A28EC}.Release|Any CPU.ActiveCfg = Release|Any CPU
		{C5DD3B77-B643-499B-9918-4B0A475A28EC}.Release|Any CPU.Build.0 = Release|Any CPU
	EndGlobalSection
	GlobalSection(SolutionProperties) = preSolution
		HideSolutionNode = FALSE
	EndGlobalSection
	GlobalSection(ExtensibilityGlobals) = postSolution
		SolutionGuid = {83793A46-FE30-4FE2-AE66-90AD0EB2C209}
	EndGlobalSection
EndGlobal
